
Microsoft Visual Studio Solution File, Format Version 12.00
# Visual Studio Version 16
VisualStudioVersion = 16.0.29509.3
MinimumVisualStudioVersion = 10.0.40219.1
Project("{FAE04EC0-301F-11D3-BF4B-00C04F79EFBC}") = "week10", "week10\week10.csproj", "{4E473A6B-6E46-42F2-B121-5FBEA375703D}"
EndProject
Global
	GlobalSection(SolutionConfigurationPlatforms) = preSolution
		Debug|Any CPU = Debug|Any CPU
		Release|Any CPU = Release|Any CPU
	EndGlobalSection
	GlobalSection(ProjectConfigurationPlatforms) = postSolution
		{4E473A6B-6E46-42F2-B121-5FBEA375703D}.Debug|Any CPU.ActiveCfg = Debug|Any CPU
		{4E473A6B-6E46-42F2-B121-5FBEA375703D}.Debug|Any CPU.Build.0 = Debug|Any CPU
		{4E473A6B-6E46-42F2-B121-5FBEA375703D}.Release|Any CPU.ActiveCfg = Release|Any CPU
		{4E473A6B-6E46-42F2-B121-5FBEA375703D}.Release|Any CPU.Build.0 = Release|Any CPU
	EndGlobalSection
	GlobalSection(SolutionProperties) = preSolution
		HideSolutionNode = FALSE
	EndGlobalSection
	GlobalSection(ExtensibilityGlobals) = postSolution
		SolutionGuid = {49152A73-CE2D-4E41-A3A2-EF0C8D62B583}
	EndGlobalSection
EndGlobal
