
Microsoft Visual Studio Solution File, Format Version 12.00
# Visual Studio Version 16
VisualStudioVersion = 16.0.29509.3
MinimumVisualStudioVersion = 10.0.40219.1
Project("{FAE04EC0-301F-11D3-BF4B-00C04F79EFBC}") = "8_gyak", "8_gyak\8_gyak.csproj", "{5ADE1A33-0F0E-48C1-9D13-85EB80DEBE58}"
EndProject
Global
	GlobalSection(SolutionConfigurationPlatforms) = preSolution
		Debug|Any CPU = Debug|Any CPU
		Release|Any CPU = Release|Any CPU
	EndGlobalSection
	GlobalSection(ProjectConfigurationPlatforms) = postSolution
		{5ADE1A33-0F0E-48C1-9D13-85EB80DEBE58}.Debug|Any CPU.ActiveCfg = Debug|Any CPU
		{5ADE1A33-0F0E-48C1-9D13-85EB80DEBE58}.Debug|Any CPU.Build.0 = Debug|Any CPU
		{5ADE1A33-0F0E-48C1-9D13-85EB80DEBE58}.Release|Any CPU.ActiveCfg = Release|Any CPU
		{5ADE1A33-0F0E-48C1-9D13-85EB80DEBE58}.Release|Any CPU.Build.0 = Release|Any CPU
	EndGlobalSection
	GlobalSection(SolutionProperties) = preSolution
		HideSolutionNode = FALSE
	EndGlobalSection
	GlobalSection(ExtensibilityGlobals) = postSolution
		SolutionGuid = {0DDE0DC2-8BE1-4584-8EBD-3B7C958B552E}
	EndGlobalSection
EndGlobal
